{
  "name": "conditional-async-benchmarks",
  "lockfileVersion": 3,
  "requires": true,
  "packages": {
    "": {
      "name": "conditional-async-benchmarks",
      "dependencies": {
        "@lazy-promise/core": "0.0.46"
      }
    },
    "node_modules/@lazy-promise/core": {
      "version": "0.0.46",
      "resolved": "https://registry.npmjs.org/@lazy-promise/core/-/core-0.0.46.tgz",
      "integrity": "sha512-DYuvH1D122+ie156+YD5EpPkR7oK9UdpOkZQm83dhHhxILAkVSwuknjwFBvqPqlddg4eBSIpIDgJpjAQpdus+g==",
      "license": "MIT",
      "dependencies": {
        "@lazy-promise/interop": "0.0.0"
      },
      "engines": {
        "node": "^20.16.0 || >=22.3.0"
      }
    },
    "node_modules/@lazy-promise/interop": {
      "version": "0.0.0",
      "resolved": "https://registry.npmjs.org/@lazy-promise/interop/-/interop-0.0.0.tgz",
      "integrity": "sha512-rcSDzsF4Aob1GZXB/90PtS+//vKo645yYW2IO8wCOTh7t55Tpee5RiOkoZLu5Ramzko86B2cVTTVA+VMBebMYg==",
      "license": "MIT"
    }
  }
}
